
Microsoft Visual Studio Solution File, Format Version 12.00
# Visual Studio Version 16
VisualStudioVersion = 16.0.30517.126
MinimumVisualStudioVersion = 10.0.40219.1
Project("{FAE04EC0-301F-11D3-BF4B-00C04F79EFBC}") = "AppClient", "AppClient\AppClient.csproj", "{BDBFE36F-1479-47F4-A677-7DEE113E47D4}"
EndProject
Project("{FAE04EC0-301F-11D3-BF4B-00C04F79EFBC}") = "AppServer", "AppServer\AppServer.csproj", "{632D196F-619D-45AC-A870-7E32B7A53E45}"
EndProject
Project("{FAE04EC0-301F-11D3-BF4B-00C04F79EFBC}") = "AppShared", "AppShared\AppShared.csproj", "{7BA10C6A-2E3F-44B5-8C2E-00F63D327FA8}"
EndProject
Global
	GlobalSection(SolutionConfigurationPlatforms) = preSolution
		Debug|Any CPU = Debug|Any CPU
		Release|Any CPU = Release|Any CPU
	EndGlobalSection
	GlobalSection(ProjectConfigurationPlatforms) = postSolution
		{BDBFE36F-1479-47F4-A677-7DEE113E47D4}.Debug|Any CPU.ActiveCfg = Debug|Any CPU
		{BDBFE36F-1479-47F4-A677-7DEE113E47D4}.Debug|Any CPU.Build.0 = Debug|Any CPU
		{BDBFE36F-1479-47F4-A677-7DEE113E47D4}.Release|Any CPU.ActiveCfg = Release|Any CPU
		{BDBFE36F-1479-47F4-A677-7DEE113E47D4}.Release|Any CPU.Build.0 = Release|Any CPU
		{632D196F-619D-45AC-A870-7E32B7A53E45}.Debug|Any CPU.ActiveCfg = Debug|Any CPU
		{632D196F-619D-45AC-A870-7E32B7A53E45}.Debug|Any CPU.Build.0 = Debug|Any CPU
		{632D196F-619D-45AC-A870-7E32B7A53E45}.Release|Any CPU.ActiveCfg = Release|Any CPU
		{632D196F-619D-45AC-A870-7E32B7A53E45}.Release|Any CPU.Build.0 = Release|Any CPU
		{7BA10C6A-2E3F-44B5-8C2E-00F63D327FA8}.Debug|Any CPU.ActiveCfg = Debug|Any CPU
		{7BA10C6A-2E3F-44B5-8C2E-00F63D327FA8}.Debug|Any CPU.Build.0 = Debug|Any CPU
		{7BA10C6A-2E3F-44B5-8C2E-00F63D327FA8}.Release|Any CPU.ActiveCfg = Release|Any CPU
		{7BA10C6A-2E3F-44B5-8C2E-00F63D327FA8}.Release|Any CPU.Build.0 = Release|Any CPU
	EndGlobalSection
	GlobalSection(SolutionProperties) = preSolution
		HideSolutionNode = FALSE
	EndGlobalSection
	GlobalSection(ExtensibilityGlobals) = postSolution
		SolutionGuid = {FB75C8F2-E1CB-4CE8-A178-94C630B8C1FD}
	EndGlobalSection
EndGlobal
